
Microsoft Visual Studio Solution File, Format Version 12.00
Project("{2150E333-8FDC-42A3-9474-1A3956D46DE8}") = "BankingService", "BankingService", "{F7AE8926-8EF8-45AA-8CE4-2635E1E30576}"
EndProject
Project("{2150E333-8FDC-42A3-9474-1A3956D46DE8}") = "PaymentsService", "PaymentsService", "{37197635-1717-41F7-B3A2-A9B478F2E3B6}"
EndProject
Project("{2150E333-8FDC-42A3-9474-1A3956D46DE8}") = "Adapters", "Adapters", "{4EA0DD8E-C805-451B-BAA9-50377E88DC42}"
EndProject
Project("{2150E333-8FDC-42A3-9474-1A3956D46DE8}") = "Consumers", "Consumers", "{E0E35927-B682-4FBD-83D0-1388CABCC019}"
EndProject
Project("{2150E333-8FDC-42A3-9474-1A3956D46DE8}") = "Core", "Core", "{D5CB0171-97FF-4F82-A710-7C3C68A67219}"
EndProject
Project("{2150E333-8FDC-42A3-9474-1A3956D46DE8}") = "Application", "Application", "{F6D55052-B746-4B55-A45B-032C56463229}"
EndProject
Project("{2150E333-8FDC-42A3-9474-1A3956D46DE8}") = "Domain", "Domain", "{352D355E-3C23-486B-B8CE-A13062D4A207}"
EndProject
Project("{2150E333-8FDC-42A3-9474-1A3956D46DE8}") = "Tests", "Tests", "{A00BC95B-7F70-4436-94A0-08DA774D06AA}"
EndProject
Project("{2150E333-8FDC-42A3-9474-1A3956D46DE8}") = "Adapters", "Adapters", "{E03DA1BA-CC77-4797-A9D4-7E4C08E2CD5E}"
EndProject
Project("{2150E333-8FDC-42A3-9474-1A3956D46DE8}") = "Domain", "Domain", "{0E03EB16-283A-4B05-B8B7-1852F1219F66}"
EndProject
Project("{2150E333-8FDC-42A3-9474-1A3956D46DE8}") = "Application", "Application", "{AB31A5A0-C34A-40CF-873D-ADE91549F40A}"
EndProject
Project("{FAE04EC0-301F-11D3-BF4B-00C04F79EFBC}") = "API", "BankingService\Consumers\API\API.csproj", "{4D732403-9E9F-488D-9089-7EEA74EE443D}"
EndProject
Project("{FAE04EC0-301F-11D3-BF4B-00C04F79EFBC}") = "Data", "BankingService\Adapters\Data\Data.csproj", "{89F34B8B-5E85-4E23-9011-E7DD05691F03}"
EndProject
Project("{FAE04EC0-301F-11D3-BF4B-00C04F79EFBC}") = "Application", "BankingService\Core\Application\Application.csproj", "{22BE2771-E229-4B18-9001-0BC2FE2E6B71}"
EndProject
Project("{FAE04EC0-301F-11D3-BF4B-00C04F79EFBC}") = "Domain", "BankingService\Core\Domain\Domain.csproj", "{A47D2F64-848F-40E9-9EAC-66122E0E94FE}"
EndProject
Project("{FAE04EC0-301F-11D3-BF4B-00C04F79EFBC}") = "Adapters", "BankingService\Tests\Adapters\Adapters.csproj", "{52AF56EB-1A9D-4913-90AC-82880DE3820D}"
EndProject
Project("{FAE04EC0-301F-11D3-BF4B-00C04F79EFBC}") = "Application", "BankingService\Tests\Application\Application.csproj", "{8174EF58-359C-4728-854E-878963CF8473}"
EndProject
Project("{FAE04EC0-301F-11D3-BF4B-00C04F79EFBC}") = "Domain", "BankingService\Tests\Domain\Domain.csproj", "{DE34027B-B068-482A-8692-FCE3CD65C303}"
EndProject
Global
	GlobalSection(SolutionConfigurationPlatforms) = preSolution
		Debug|Any CPU = Debug|Any CPU
		Release|Any CPU = Release|Any CPU
	EndGlobalSection
	GlobalSection(NestedProjects) = preSolution
		{4EA0DD8E-C805-451B-BAA9-50377E88DC42} = {F7AE8926-8EF8-45AA-8CE4-2635E1E30576}
		{E0E35927-B682-4FBD-83D0-1388CABCC019} = {F7AE8926-8EF8-45AA-8CE4-2635E1E30576}
		{D5CB0171-97FF-4F82-A710-7C3C68A67219} = {F7AE8926-8EF8-45AA-8CE4-2635E1E30576}
		{F6D55052-B746-4B55-A45B-032C56463229} = {D5CB0171-97FF-4F82-A710-7C3C68A67219}
		{352D355E-3C23-486B-B8CE-A13062D4A207} = {D5CB0171-97FF-4F82-A710-7C3C68A67219}
		{A00BC95B-7F70-4436-94A0-08DA774D06AA} = {F7AE8926-8EF8-45AA-8CE4-2635E1E30576}
		{E03DA1BA-CC77-4797-A9D4-7E4C08E2CD5E} = {A00BC95B-7F70-4436-94A0-08DA774D06AA}
		{0E03EB16-283A-4B05-B8B7-1852F1219F66} = {A00BC95B-7F70-4436-94A0-08DA774D06AA}
		{AB31A5A0-C34A-40CF-873D-ADE91549F40A} = {A00BC95B-7F70-4436-94A0-08DA774D06AA}
		{4D732403-9E9F-488D-9089-7EEA74EE443D} = {E0E35927-B682-4FBD-83D0-1388CABCC019}
		{89F34B8B-5E85-4E23-9011-E7DD05691F03} = {4EA0DD8E-C805-451B-BAA9-50377E88DC42}
		{22BE2771-E229-4B18-9001-0BC2FE2E6B71} = {F6D55052-B746-4B55-A45B-032C56463229}
		{A47D2F64-848F-40E9-9EAC-66122E0E94FE} = {352D355E-3C23-486B-B8CE-A13062D4A207}
		{52AF56EB-1A9D-4913-90AC-82880DE3820D} = {E03DA1BA-CC77-4797-A9D4-7E4C08E2CD5E}
		{8174EF58-359C-4728-854E-878963CF8473} = {AB31A5A0-C34A-40CF-873D-ADE91549F40A}
		{DE34027B-B068-482A-8692-FCE3CD65C303} = {0E03EB16-283A-4B05-B8B7-1852F1219F66}
	EndGlobalSection
	GlobalSection(ProjectConfigurationPlatforms) = postSolution
		{4D732403-9E9F-488D-9089-7EEA74EE443D}.Debug|Any CPU.ActiveCfg = Debug|Any CPU
		{4D732403-9E9F-488D-9089-7EEA74EE443D}.Debug|Any CPU.Build.0 = Debug|Any CPU
		{4D732403-9E9F-488D-9089-7EEA74EE443D}.Release|Any CPU.ActiveCfg = Release|Any CPU
		{4D732403-9E9F-488D-9089-7EEA74EE443D}.Release|Any CPU.Build.0 = Release|Any CPU
		{89F34B8B-5E85-4E23-9011-E7DD05691F03}.Debug|Any CPU.ActiveCfg = Debug|Any CPU
		{89F34B8B-5E85-4E23-9011-E7DD05691F03}.Debug|Any CPU.Build.0 = Debug|Any CPU
		{89F34B8B-5E85-4E23-9011-E7DD05691F03}.Release|Any CPU.ActiveCfg = Release|Any CPU
		{89F34B8B-5E85-4E23-9011-E7DD05691F03}.Release|Any CPU.Build.0 = Release|Any CPU
		{22BE2771-E229-4B18-9001-0BC2FE2E6B71}.Debug|Any CPU.ActiveCfg = Debug|Any CPU
		{22BE2771-E229-4B18-9001-0BC2FE2E6B71}.Debug|Any CPU.Build.0 = Debug|Any CPU
		{22BE2771-E229-4B18-9001-0BC2FE2E6B71}.Release|Any CPU.ActiveCfg = Release|Any CPU
		{22BE2771-E229-4B18-9001-0BC2FE2E6B71}.Release|Any CPU.Build.0 = Release|Any CPU
		{A47D2F64-848F-40E9-9EAC-66122E0E94FE}.Debug|Any CPU.ActiveCfg = Debug|Any CPU
		{A47D2F64-848F-40E9-9EAC-66122E0E94FE}.Debug|Any CPU.Build.0 = Debug|Any CPU
		{A47D2F64-848F-40E9-9EAC-66122E0E94FE}.Release|Any CPU.ActiveCfg = Release|Any CPU
		{A47D2F64-848F-40E9-9EAC-66122E0E94FE}.Release|Any CPU.Build.0 = Release|Any CPU
		{52AF56EB-1A9D-4913-90AC-82880DE3820D}.Debug|Any CPU.ActiveCfg = Debug|Any CPU
		{52AF56EB-1A9D-4913-90AC-82880DE3820D}.Debug|Any CPU.Build.0 = Debug|Any CPU
		{52AF56EB-1A9D-4913-90AC-82880DE3820D}.Release|Any CPU.ActiveCfg = Release|Any CPU
		{52AF56EB-1A9D-4913-90AC-82880DE3820D}.Release|Any CPU.Build.0 = Release|Any CPU
		{8174EF58-359C-4728-854E-878963CF8473}.Debug|Any CPU.ActiveCfg = Debug|Any CPU
		{8174EF58-359C-4728-854E-878963CF8473}.Debug|Any CPU.Build.0 = Debug|Any CPU
		{8174EF58-359C-4728-854E-878963CF8473}.Release|Any CPU.ActiveCfg = Release|Any CPU
		{8174EF58-359C-4728-854E-878963CF8473}.Release|Any CPU.Build.0 = Release|Any CPU
		{DE34027B-B068-482A-8692-FCE3CD65C303}.Debug|Any CPU.ActiveCfg = Debug|Any CPU
		{DE34027B-B068-482A-8692-FCE3CD65C303}.Debug|Any CPU.Build.0 = Debug|Any CPU
		{DE34027B-B068-482A-8692-FCE3CD65C303}.Release|Any CPU.ActiveCfg = Release|Any CPU
		{DE34027B-B068-482A-8692-FCE3CD65C303}.Release|Any CPU.Build.0 = Release|Any CPU
	EndGlobalSection
EndGlobal
